
Microsoft Visual Studio Solution File, Format Version 12.00
# Visual Studio Version 16
VisualStudioVersion = 16.0.31911.196
MinimumVisualStudioVersion = 10.0.40219.1
Project("{FAE04EC0-301F-11D3-BF4B-00C04F79EFBC}") = "seminarska1", "seminarska1\seminarska1.csproj", "{3A6B8DB7-D3D8-4783-98A1-ED08A5986831}"
EndProject
Global
	GlobalSection(SolutionConfigurationPlatforms) = preSolution
		Debug|Any CPU = Debug|Any CPU
		Release|Any CPU = Release|Any CPU
	EndGlobalSection
	GlobalSection(ProjectConfigurationPlatforms) = postSolution
		{3A6B8DB7-D3D8-4783-98A1-ED08A5986831}.Debug|Any CPU.ActiveCfg = Debug|Any CPU
		{3A6B8DB7-D3D8-4783-98A1-ED08A5986831}.Debug|Any CPU.Build.0 = Debug|Any CPU
		{3A6B8DB7-D3D8-4783-98A1-ED08A5986831}.Release|Any CPU.ActiveCfg = Release|Any CPU
		{3A6B8DB7-D3D8-4783-98A1-ED08A5986831}.Release|Any CPU.Build.0 = Release|Any CPU
	EndGlobalSection
	GlobalSection(SolutionProperties) = preSolution
		HideSolutionNode = FALSE
	EndGlobalSection
	GlobalSection(ExtensibilityGlobals) = postSolution
		SolutionGuid = {E762F33B-7B43-4EE2-80A4-B4DAAC50792E}
	EndGlobalSection
EndGlobal
