
Microsoft Visual Studio Solution File, Format Version 12.00
# Visual Studio Version 16
VisualStudioVersion = 16.0.31911.196
MinimumVisualStudioVersion = 10.0.40219.1
Project("{FAE04EC0-301F-11D3-BF4B-00C04F79EFBC}") = "PrvaSpletna", "PrvaSpletna\PrvaSpletna.csproj", "{22DD4C09-38C5-45BE-95BA-3F1341D928C7}"
EndProject
Global
	GlobalSection(SolutionConfigurationPlatforms) = preSolution
		Debug|Any CPU = Debug|Any CPU
		Release|Any CPU = Release|Any CPU
	EndGlobalSection
	GlobalSection(ProjectConfigurationPlatforms) = postSolution
		{22DD4C09-38C5-45BE-95BA-3F1341D928C7}.Debug|Any CPU.ActiveCfg = Debug|Any CPU
		{22DD4C09-38C5-45BE-95BA-3F1341D928C7}.Debug|Any CPU.Build.0 = Debug|Any CPU
		{22DD4C09-38C5-45BE-95BA-3F1341D928C7}.Release|Any CPU.ActiveCfg = Release|Any CPU
		{22DD4C09-38C5-45BE-95BA-3F1341D928C7}.Release|Any CPU.Build.0 = Release|Any CPU
	EndGlobalSection
	GlobalSection(SolutionProperties) = preSolution
		HideSolutionNode = FALSE
	EndGlobalSection
	GlobalSection(ExtensibilityGlobals) = postSolution
		SolutionGuid = {F29AB4EC-DE72-456F-89A4-DFE1ECA7D874}
	EndGlobalSection
EndGlobal
