
Microsoft Visual Studio Solution File, Format Version 12.00
# Visual Studio Version 16
VisualStudioVersion = 16.0.31911.196
MinimumVisualStudioVersion = 10.0.40219.1
Project("{FAE04EC0-301F-11D3-BF4B-00C04F79EFBC}") = "vajajaj", "vajajaj\vajajaj.csproj", "{19B5DFF8-2268-470B-AB8B-AD73F7E49FAB}"
EndProject
Global
	GlobalSection(SolutionConfigurationPlatforms) = preSolution
		Debug|Any CPU = Debug|Any CPU
		Release|Any CPU = Release|Any CPU
	EndGlobalSection
	GlobalSection(ProjectConfigurationPlatforms) = postSolution
		{19B5DFF8-2268-470B-AB8B-AD73F7E49FAB}.Debug|Any CPU.ActiveCfg = Debug|Any CPU
		{19B5DFF8-2268-470B-AB8B-AD73F7E49FAB}.Debug|Any CPU.Build.0 = Debug|Any CPU
		{19B5DFF8-2268-470B-AB8B-AD73F7E49FAB}.Release|Any CPU.ActiveCfg = Release|Any CPU
		{19B5DFF8-2268-470B-AB8B-AD73F7E49FAB}.Release|Any CPU.Build.0 = Release|Any CPU
	EndGlobalSection
	GlobalSection(SolutionProperties) = preSolution
		HideSolutionNode = FALSE
	EndGlobalSection
	GlobalSection(ExtensibilityGlobals) = postSolution
		SolutionGuid = {D49004C7-4595-47D8-86B2-3EC710D2799C}
	EndGlobalSection
EndGlobal
