
Microsoft Visual Studio Solution File, Format Version 12.00
# Visual Studio Version 16
VisualStudioVersion = 16.0.31911.196
MinimumVisualStudioVersion = 10.0.40219.1
Project("{FAE04EC0-301F-11D3-BF4B-00C04F79EFBC}") = "Klicapija", "Klicapija\Klicapija.csproj", "{D2F78E6C-65DE-48B9-A2D4-CBCE343E7F6A}"
EndProject
Global
	GlobalSection(SolutionConfigurationPlatforms) = preSolution
		Debug|Any CPU = Debug|Any CPU
		Release|Any CPU = Release|Any CPU
	EndGlobalSection
	GlobalSection(ProjectConfigurationPlatforms) = postSolution
		{D2F78E6C-65DE-48B9-A2D4-CBCE343E7F6A}.Debug|Any CPU.ActiveCfg = Debug|Any CPU
		{D2F78E6C-65DE-48B9-A2D4-CBCE343E7F6A}.Debug|Any CPU.Build.0 = Debug|Any CPU
		{D2F78E6C-65DE-48B9-A2D4-CBCE343E7F6A}.Release|Any CPU.ActiveCfg = Release|Any CPU
		{D2F78E6C-65DE-48B9-A2D4-CBCE343E7F6A}.Release|Any CPU.Build.0 = Release|Any CPU
	EndGlobalSection
	GlobalSection(SolutionProperties) = preSolution
		HideSolutionNode = FALSE
	EndGlobalSection
	GlobalSection(ExtensibilityGlobals) = postSolution
		SolutionGuid = {BEDB09DD-4320-4E93-A1D1-3AA65E6608F2}
	EndGlobalSection
EndGlobal
